
Microsoft Visual Studio Solution File, Format Version 12.00
# Visual Studio 15
VisualStudioVersion = 15.0.26124.0
MinimumVisualStudioVersion = 15.0.26124.0
Project("{2150E333-8FDC-42A3-9474-1A3956D46DE8}") = "src", "src", "{6DE5B345-4F61-4E5F-ABC5-B6F3151CC296}"
EndProject
Project("{FAE04EC0-301F-11D3-BF4B-00C04F79EFBC}") = "TimeSense.Api", "src\TimeSense.Api\TimeSense.Api.csproj", "{53ED8E0E-EBD7-4B47-9C90-8963E0A789B8}"
EndProject
Project("{FAE04EC0-301F-11D3-BF4B-00C04F79EFBC}") = "TimeSense.Models", "src\TimeSense.Models\TimeSense.Models.csproj", "{AFF93319-8A52-4F40-A9DE-92CA318DA2F3}"
EndProject
Project("{FAE04EC0-301F-11D3-BF4B-00C04F79EFBC}") = "TimeSense.Repository", "src\TimeSense.Repository\TimeSense.Repository.csproj", "{0F612BB8-595C-461C-B644-E6FF4B6B6268}"
EndProject
Project("{FAE04EC0-301F-11D3-BF4B-00C04F79EFBC}") = "TimeSense.Serialization", "src\TimeSense.Serialization\TimeSense.Serialization.csproj", "{CA41EEE6-3663-4F60-9B9B-058E133D3551}"
EndProject
Project("{2150E333-8FDC-42A3-9474-1A3956D46DE8}") = "test", "test", "{C694E636-8090-49F7-B856-0966F15F86FC}"
EndProject
Project("{FAE04EC0-301F-11D3-BF4B-00C04F79EFBC}") = "TimeSense.Api.Tests", "test\TimeSense.Api.Tests\TimeSense.Api.Tests.csproj", "{ADB7E4E4-0461-45D1-96C2-BB0A285E4618}"
EndProject
Project("{FAE04EC0-301F-11D3-BF4B-00C04F79EFBC}") = "TimeSense.Mapping", "src\TimeSense.Mapping\TimeSense.Mapping.csproj", "{39404CF9-9902-4F20-A508-2F9CBC43A35B}"
EndProject
Global
	GlobalSection(SolutionConfigurationPlatforms) = preSolution
		Debug|Any CPU = Debug|Any CPU
		Debug|x64 = Debug|x64
		Debug|x86 = Debug|x86
		Release|Any CPU = Release|Any CPU
		Release|x64 = Release|x64
		Release|x86 = Release|x86
	EndGlobalSection
	GlobalSection(SolutionProperties) = preSolution
		HideSolutionNode = FALSE
	EndGlobalSection
	GlobalSection(ProjectConfigurationPlatforms) = postSolution
		{53ED8E0E-EBD7-4B47-9C90-8963E0A789B8}.Debug|Any CPU.ActiveCfg = Debug|Any CPU
		{53ED8E0E-EBD7-4B47-9C90-8963E0A789B8}.Debug|Any CPU.Build.0 = Debug|Any CPU
		{53ED8E0E-EBD7-4B47-9C90-8963E0A789B8}.Debug|x64.ActiveCfg = Debug|Any CPU
		{53ED8E0E-EBD7-4B47-9C90-8963E0A789B8}.Debug|x64.Build.0 = Debug|Any CPU
		{53ED8E0E-EBD7-4B47-9C90-8963E0A789B8}.Debug|x86.ActiveCfg = Debug|Any CPU
		{53ED8E0E-EBD7-4B47-9C90-8963E0A789B8}.Debug|x86.Build.0 = Debug|Any CPU
		{53ED8E0E-EBD7-4B47-9C90-8963E0A789B8}.Release|Any CPU.ActiveCfg = Release|Any CPU
		{53ED8E0E-EBD7-4B47-9C90-8963E0A789B8}.Release|Any CPU.Build.0 = Release|Any CPU
		{53ED8E0E-EBD7-4B47-9C90-8963E0A789B8}.Release|x64.ActiveCfg = Release|Any CPU
		{53ED8E0E-EBD7-4B47-9C90-8963E0A789B8}.Release|x64.Build.0 = Release|Any CPU
		{53ED8E0E-EBD7-4B47-9C90-8963E0A789B8}.Release|x86.ActiveCfg = Release|Any CPU
		{53ED8E0E-EBD7-4B47-9C90-8963E0A789B8}.Release|x86.Build.0 = Release|Any CPU
		{AFF93319-8A52-4F40-A9DE-92CA318DA2F3}.Debug|Any CPU.ActiveCfg = Debug|Any CPU
		{AFF93319-8A52-4F40-A9DE-92CA318DA2F3}.Debug|Any CPU.Build.0 = Debug|Any CPU
		{AFF93319-8A52-4F40-A9DE-92CA318DA2F3}.Debug|x64.ActiveCfg = Debug|Any CPU
		{AFF93319-8A52-4F40-A9DE-92CA318DA2F3}.Debug|x64.Build.0 = Debug|Any CPU
		{AFF93319-8A52-4F40-A9DE-92CA318DA2F3}.Debug|x86.ActiveCfg = Debug|Any CPU
		{AFF93319-8A52-4F40-A9DE-92CA318DA2F3}.Debug|x86.Build.0 = Debug|Any CPU
		{AFF93319-8A52-4F40-A9DE-92CA318DA2F3}.Release|Any CPU.ActiveCfg = Release|Any CPU
		{AFF93319-8A52-4F40-A9DE-92CA318DA2F3}.Release|Any CPU.Build.0 = Release|Any CPU
		{AFF93319-8A52-4F40-A9DE-92CA318DA2F3}.Release|x64.ActiveCfg = Release|Any CPU
		{AFF93319-8A52-4F40-A9DE-92CA318DA2F3}.Release|x64.Build.0 = Release|Any CPU
		{AFF93319-8A52-4F40-A9DE-92CA318DA2F3}.Release|x86.ActiveCfg = Release|Any CPU
		{AFF93319-8A52-4F40-A9DE-92CA318DA2F3}.Release|x86.Build.0 = Release|Any CPU
		{0F612BB8-595C-461C-B644-E6FF4B6B6268}.Debug|Any CPU.ActiveCfg = Debug|Any CPU
		{0F612BB8-595C-461C-B644-E6FF4B6B6268}.Debug|Any CPU.Build.0 = Debug|Any CPU
		{0F612BB8-595C-461C-B644-E6FF4B6B6268}.Debug|x64.ActiveCfg = Debug|Any CPU
		{0F612BB8-595C-461C-B644-E6FF4B6B6268}.Debug|x64.Build.0 = Debug|Any CPU
		{0F612BB8-595C-461C-B644-E6FF4B6B6268}.Debug|x86.ActiveCfg = Debug|Any CPU
		{0F612BB8-595C-461C-B644-E6FF4B6B6268}.Debug|x86.Build.0 = Debug|Any CPU
		{0F612BB8-595C-461C-B644-E6FF4B6B6268}.Release|Any CPU.ActiveCfg = Release|Any CPU
		{0F612BB8-595C-461C-B644-E6FF4B6B6268}.Release|Any CPU.Build.0 = Release|Any CPU
		{0F612BB8-595C-461C-B644-E6FF4B6B6268}.Release|x64.ActiveCfg = Release|Any CPU
		{0F612BB8-595C-461C-B644-E6FF4B6B6268}.Release|x64.Build.0 = Release|Any CPU
		{0F612BB8-595C-461C-B644-E6FF4B6B6268}.Release|x86.ActiveCfg = Release|Any CPU
		{0F612BB8-595C-461C-B644-E6FF4B6B6268}.Release|x86.Build.0 = Release|Any CPU
		{CA41EEE6-3663-4F60-9B9B-058E133D3551}.Debug|Any CPU.ActiveCfg = Debug|Any CPU
		{CA41EEE6-3663-4F60-9B9B-058E133D3551}.Debug|Any CPU.Build.0 = Debug|Any CPU
		{CA41EEE6-3663-4F60-9B9B-058E133D3551}.Debug|x64.ActiveCfg = Debug|Any CPU
		{CA41EEE6-3663-4F60-9B9B-058E133D3551}.Debug|x64.Build.0 = Debug|Any CPU
		{CA41EEE6-3663-4F60-9B9B-058E133D3551}.Debug|x86.ActiveCfg = Debug|Any CPU
		{CA41EEE6-3663-4F60-9B9B-058E133D3551}.Debug|x86.Build.0 = Debug|Any CPU
		{CA41EEE6-3663-4F60-9B9B-058E133D3551}.Release|Any CPU.ActiveCfg = Release|Any CPU
		{CA41EEE6-3663-4F60-9B9B-058E133D3551}.Release|Any CPU.Build.0 = Release|Any CPU
		{CA41EEE6-3663-4F60-9B9B-058E133D3551}.Release|x64.ActiveCfg = Release|Any CPU
		{CA41EEE6-3663-4F60-9B9B-058E133D3551}.Release|x64.Build.0 = Release|Any CPU
		{CA41EEE6-3663-4F60-9B9B-058E133D3551}.Release|x86.ActiveCfg = Release|Any CPU
		{CA41EEE6-3663-4F60-9B9B-058E133D3551}.Release|x86.Build.0 = Release|Any CPU
		{ADB7E4E4-0461-45D1-96C2-BB0A285E4618}.Debug|Any CPU.ActiveCfg = Debug|Any CPU
		{ADB7E4E4-0461-45D1-96C2-BB0A285E4618}.Debug|Any CPU.Build.0 = Debug|Any CPU
		{ADB7E4E4-0461-45D1-96C2-BB0A285E4618}.Debug|x64.ActiveCfg = Debug|Any CPU
		{ADB7E4E4-0461-45D1-96C2-BB0A285E4618}.Debug|x64.Build.0 = Debug|Any CPU
		{ADB7E4E4-0461-45D1-96C2-BB0A285E4618}.Debug|x86.ActiveCfg = Debug|Any CPU
		{ADB7E4E4-0461-45D1-96C2-BB0A285E4618}.Debug|x86.Build.0 = Debug|Any CPU
		{ADB7E4E4-0461-45D1-96C2-BB0A285E4618}.Release|Any CPU.ActiveCfg = Release|Any CPU
		{ADB7E4E4-0461-45D1-96C2-BB0A285E4618}.Release|Any CPU.Build.0 = Release|Any CPU
		{ADB7E4E4-0461-45D1-96C2-BB0A285E4618}.Release|x64.ActiveCfg = Release|Any CPU
		{ADB7E4E4-0461-45D1-96C2-BB0A285E4618}.Release|x64.Build.0 = Release|Any CPU
		{ADB7E4E4-0461-45D1-96C2-BB0A285E4618}.Release|x86.ActiveCfg = Release|Any CPU
		{ADB7E4E4-0461-45D1-96C2-BB0A285E4618}.Release|x86.Build.0 = Release|Any CPU
		{39404CF9-9902-4F20-A508-2F9CBC43A35B}.Debug|Any CPU.ActiveCfg = Debug|Any CPU
		{39404CF9-9902-4F20-A508-2F9CBC43A35B}.Debug|Any CPU.Build.0 = Debug|Any CPU
		{39404CF9-9902-4F20-A508-2F9CBC43A35B}.Debug|x64.ActiveCfg = Debug|Any CPU
		{39404CF9-9902-4F20-A508-2F9CBC43A35B}.Debug|x64.Build.0 = Debug|Any CPU
		{39404CF9-9902-4F20-A508-2F9CBC43A35B}.Debug|x86.ActiveCfg = Debug|Any CPU
		{39404CF9-9902-4F20-A508-2F9CBC43A35B}.Debug|x86.Build.0 = Debug|Any CPU
		{39404CF9-9902-4F20-A508-2F9CBC43A35B}.Release|Any CPU.ActiveCfg = Release|Any CPU
		{39404CF9-9902-4F20-A508-2F9CBC43A35B}.Release|Any CPU.Build.0 = Release|Any CPU
		{39404CF9-9902-4F20-A508-2F9CBC43A35B}.Release|x64.ActiveCfg = Release|Any CPU
		{39404CF9-9902-4F20-A508-2F9CBC43A35B}.Release|x64.Build.0 = Release|Any CPU
		{39404CF9-9902-4F20-A508-2F9CBC43A35B}.Release|x86.ActiveCfg = Release|Any CPU
		{39404CF9-9902-4F20-A508-2F9CBC43A35B}.Release|x86.Build.0 = Release|Any CPU
	EndGlobalSection
	GlobalSection(NestedProjects) = preSolution
		{53ED8E0E-EBD7-4B47-9C90-8963E0A789B8} = {6DE5B345-4F61-4E5F-ABC5-B6F3151CC296}
		{AFF93319-8A52-4F40-A9DE-92CA318DA2F3} = {6DE5B345-4F61-4E5F-ABC5-B6F3151CC296}
		{0F612BB8-595C-461C-B644-E6FF4B6B6268} = {6DE5B345-4F61-4E5F-ABC5-B6F3151CC296}
		{CA41EEE6-3663-4F60-9B9B-058E133D3551} = {6DE5B345-4F61-4E5F-ABC5-B6F3151CC296}
		{ADB7E4E4-0461-45D1-96C2-BB0A285E4618} = {C694E636-8090-49F7-B856-0966F15F86FC}
		{39404CF9-9902-4F20-A508-2F9CBC43A35B} = {6DE5B345-4F61-4E5F-ABC5-B6F3151CC296}
	EndGlobalSection
EndGlobal
